// !$*UTF8*$!
{
	archiveVersion = 1;
	classes = {
	};
	objectVersion = 55;
	objects = {

/* Begin PBXBuildFile section */
		2C3B77E62698902B00C8072B /* NavBarItems.swift in Sources */ = {isa = PBXBuildFile; fileRef = 2C3B77E52698902B00C8072B /* NavBarItems.swift */; };
		2C3B77E826989FAF00C8072B /* CurvedTopBg.swift in Sources */ = {isa = PBXBuildFile; fileRef = 2C3B77E726989FAF00C8072B /* CurvedTopBg.swift */; };
		2C3B77EA2698B59600C8072B /* TopCard.swift in Sources */ = {isa = PBXBuildFile; fileRef = 2C3B77E92698B59600C8072B /* TopCard.swift */; };
		2C3B77EC2699E83C00C8072B /* CategoryCollection.swift in Sources */ = {isa = PBXBuildFile; fileRef = 2C3B77EB2699E83C00C8072B /* CategoryCollection.swift */; };
		2C3B77EF269C57D700C8072B /* ScrollViewMod.swift in Sources */ = {isa = PBXBuildFile; fileRef = 2C3B77EE269C57D600C8072B /* ScrollViewMod.swift */; };
		2C3B77F1269C994000C8072B /* ShippedToLoc.swift in Sources */ = {isa = PBXBuildFile; fileRef = 2C3B77F0269C994000C8072B /* ShippedToLoc.swift */; };
		2C661968269EA1D600E2C343 /* PromoCarousel.swift in Sources */ = {isa = PBXBuildFile; fileRef = 2C661967269EA1D600E2C343 /* PromoCarousel.swift */; };
		2C66196A269EDF1E00E2C343 /* StyleColors.swift in Sources */ = {isa = PBXBuildFile; fileRef = 2C661969269EDF1E00E2C343 /* StyleColors.swift */; };
		2C66196C269EF7BC00E2C343 /* EventCollection.swift in Sources */ = {isa = PBXBuildFile; fileRef = 2C66196B269EF7BC00E2C343 /* EventCollection.swift */; };
		2C66196E269EFA6000E2C343 /* TodaysSpecial.swift in Sources */ = {isa = PBXBuildFile; fileRef = 2C66196D269EFA6000E2C343 /* TodaysSpecial.swift */; };
		2C664B8D26A17B1600DE258F /* AkunNavBar.swift in Sources */ = {isa = PBXBuildFile; fileRef = 2C664B8C26A17B1600DE258F /* AkunNavBar.swift */; };
		2C664B8F26A17E7E00DE258F /* SegmentedPicker.swift in Sources */ = {isa = PBXBuildFile; fileRef = 2C664B8E26A17E7E00DE258F /* SegmentedPicker.swift */; };
		2C664B9126A1820D00DE258F /* Modifiable.swift in Sources */ = {isa = PBXBuildFile; fileRef = 2C664B9026A1820D00DE258F /* Modifiable.swift */; };
		2C664B9326A1868100DE258F /* SegmentedControlView.swift in Sources */ = {isa = PBXBuildFile; fileRef = 2C664B9226A1868100DE258F /* SegmentedControlView.swift */; };
		2C7028EF26983B86007F9E09 /* TokopaediApp.swift in Sources */ = {isa = PBXBuildFile; fileRef = 2C7028EE26983B86007F9E09 /* TokopaediApp.swift */; };
		2C7028F126983B86007F9E09 /* ContentView.swift in Sources */ = {isa = PBXBuildFile; fileRef = 2C7028F026983B86007F9E09 /* ContentView.swift */; };
		2C7028F326983B87007F9E09 /* Assets.xcassets in Resources */ = {isa = PBXBuildFile; fileRef = 2C7028F226983B87007F9E09 /* Assets.xcassets */; };
		2C7028F626983B87007F9E09 /* Preview Assets.xcassets in Resources */ = {isa = PBXBuildFile; fileRef = 2C7028F526983B87007F9E09 /* Preview Assets.xcassets */; };
		2C70290026983B87007F9E09 /* TokopaediTests.swift in Sources */ = {isa = PBXBuildFile; fileRef = 2C7028FF26983B87007F9E09 /* TokopaediTests.swift */; };
		2C70290A26983B87007F9E09 /* TokopaediUITests.swift in Sources */ = {isa = PBXBuildFile; fileRef = 2C70290926983B87007F9E09 /* TokopaediUITests.swift */; };
		2C70291726983BC0007F9E09 /* CustomTabBar.swift in Sources */ = {isa = PBXBuildFile; fileRef = 2C70291626983BC0007F9E09 /* CustomTabBar.swift */; };
		2C70291926983CA9007F9E09 /* HomeView.swift in Sources */ = {isa = PBXBuildFile; fileRef = 2C70291826983CA9007F9E09 /* HomeView.swift */; };
		2C70291B26983CB0007F9E09 /* FeedView.swift in Sources */ = {isa = PBXBuildFile; fileRef = 2C70291A26983CB0007F9E09 /* FeedView.swift */; };
		2C70291D26983CBE007F9E09 /* OfficialStoreView.swift in Sources */ = {isa = PBXBuildFile; fileRef = 2C70291C26983CBE007F9E09 /* OfficialStoreView.swift */; };
		2C70291F26983CC5007F9E09 /* KeranjangView.swift in Sources */ = {isa = PBXBuildFile; fileRef = 2C70291E26983CC5007F9E09 /* KeranjangView.swift */; };
		2C70292126983CCC007F9E09 /* AkunView.swift in Sources */ = {isa = PBXBuildFile; fileRef = 2C70292026983CCC007F9E09 /* AkunView.swift */; };
		2C7029252698522F007F9E09 /* HomeNavBar.swift in Sources */ = {isa = PBXBuildFile; fileRef = 2C7029242698522F007F9E09 /* HomeNavBar.swift */; };
		2C702927269852E0007F9E09 /* SearchBar.swift in Sources */ = {isa = PBXBuildFile; fileRef = 2C702926269852E0007F9E09 /* SearchBar.swift */; };
/* End PBXBuildFile section */

/* Begin PBXContainerItemProxy section */
		2C7028FC26983B87007F9E09 /* PBXContainerItemProxy */ = {
			isa = PBXContainerItemProxy;
			containerPortal = 2C7028E326983B86007F9E09 /* Project object */;
			proxyType = 1;
			remoteGlobalIDString = 2C7028EA26983B86007F9E09;
			remoteInfo = Tokopaedi;
		};
		2C70290626983B87007F9E09 /* PBXContainerItemProxy */ = {
			isa = PBXContainerItemProxy;
			containerPortal = 2C7028E326983B86007F9E09 /* Project object */;
			proxyType = 1;
			remoteGlobalIDString = 2C7028EA26983B86007F9E09;
			remoteInfo = Tokopaedi;
		};
/* End PBXContainerItemProxy section */

/* Begin PBXFileReference section */
		2C3B77E52698902B00C8072B /* NavBarItems.swift */ = {isa = PBXFileReference; lastKnownFileType = sourcecode.swift; path = NavBarItems.swift; sourceTree = "<group>"; };
		2C3B77E726989FAF00C8072B /* CurvedTopBg.swift */ = {isa = PBXFileReference; lastKnownFileType = sourcecode.swift; path = CurvedTopBg.swift; sourceTree = "<group>"; };
		2C3B77E92698B59600C8072B /* TopCard.swift */ = {isa = PBXFileReference; lastKnownFileType = sourcecode.swift; path = TopCard.swift; sourceTree = "<group>"; };
		2C3B77EB2699E83C00C8072B /* CategoryCollection.swift */ = {isa = PBXFileReference; lastKnownFileType = sourcecode.swift; path = CategoryCollection.swift; sourceTree = "<group>"; };
		2C3B77EE269C57D600C8072B /* ScrollViewMod.swift */ = {isa = PBXFileReference; lastKnownFileType = sourcecode.swift; path = ScrollViewMod.swift; sourceTree = "<group>"; };
		2C3B77F0269C994000C8072B /* ShippedToLoc.swift */ = {isa = PBXFileReference; lastKnownFileType = sourcecode.swift; path = ShippedToLoc.swift; sourceTree = "<group>"; };
		2C661967269EA1D600E2C343 /* PromoCarousel.swift */ = {isa = PBXFileReference; lastKnownFileType = sourcecode.swift; path = PromoCarousel.swift; sourceTree = "<group>"; };
		2C661969269EDF1E00E2C343 /* StyleColors.swift */ = {isa = PBXFileReference; lastKnownFileType = sourcecode.swift; path = StyleColors.swift; sourceTree = "<group>"; };
		2C66196B269EF7BC00E2C343 /* EventCollection.swift */ = {isa = PBXFileReference; lastKnownFileType = sourcecode.swift; path = EventCollection.swift; sourceTree = "<group>"; };
		2C66196D269EFA6000E2C343 /* TodaysSpecial.swift */ = {isa = PBXFileReference; lastKnownFileType = sourcecode.swift; path = TodaysSpecial.swift; sourceTree = "<group>"; };
		2C664B8C26A17B1600DE258F /* AkunNavBar.swift */ = {isa = PBXFileReference; lastKnownFileType = sourcecode.swift; path = AkunNavBar.swift; sourceTree = "<group>"; };
		2C664B8E26A17E7E00DE258F /* SegmentedPicker.swift */ = {isa = PBXFileReference; lastKnownFileType = sourcecode.swift; path = SegmentedPicker.swift; sourceTree = "<group>"; };
		2C664B9026A1820D00DE258F /* Modifiable.swift */ = {isa = PBXFileReference; lastKnownFileType = sourcecode.swift; path = Modifiable.swift; sourceTree = "<group>"; };
		2C664B9226A1868100DE258F /* SegmentedControlView.swift */ = {isa = PBXFileReference; lastKnownFileType = sourcecode.swift; path = SegmentedControlView.swift; sourceTree = "<group>"; };
		2C7028EB26983B86007F9E09 /* Tokopaedi.app */ = {isa = PBXFileReference; explicitFileType = wrapper.application; includeInIndex = 0; path = Tokopaedi.app; sourceTree = BUILT_PRODUCTS_DIR; };
		2C7028EE26983B86007F9E09 /* TokopaediApp.swift */ = {isa = PBXFileReference; lastKnownFileType = sourcecode.swift; path = TokopaediApp.swift; sourceTree = "<group>"; };
		2C7028F026983B86007F9E09 /* ContentView.swift */ = {isa = PBXFileReference; lastKnownFileType = sourcecode.swift; path = ContentView.swift; sourceTree = "<group>"; };
		2C7028F226983B87007F9E09 /* Assets.xcassets */ = {isa = PBXFileReference; lastKnownFileType = folder.assetcatalog; path = Assets.xcassets; sourceTree = "<group>"; };
		2C7028F526983B87007F9E09 /* Preview Assets.xcassets */ = {isa = PBXFileReference; lastKnownFileType = folder.assetcatalog; path = "Preview Assets.xcassets"; sourceTree = "<group>"; };
		2C7028FB26983B87007F9E09 /* TokopaediTests.xctest */ = {isa = PBXFileReference; explicitFileType = wrapper.cfbundle; includeInIndex = 0; path = TokopaediTests.xctest; sourceTree = BUILT_PRODUCTS_DIR; };
		2C7028FF26983B87007F9E09 /* TokopaediTests.swift */ = {isa = PBXFileReference; lastKnownFileType = sourcecode.swift; path = TokopaediTests.swift; sourceTree = "<group>"; };
		2C70290526983B87007F9E09 /* TokopaediUITests.xctest */ = {isa = PBXFileReference; explicitFileType = wrapper.cfbundle; includeInIndex = 0; path = TokopaediUITests.xctest; sourceTree = BUILT_PRODUCTS_DIR; };
		2C70290926983B87007F9E09 /* TokopaediUITests.swift */ = {isa = PBXFileReference; lastKnownFileType = sourcecode.swift; path = TokopaediUITests.swift; sourceTree = "<group>"; };
		2C70291626983BC0007F9E09 /* CustomTabBar.swift */ = {isa = PBXFileReference; lastKnownFileType = sourcecode.swift; path = CustomTabBar.swift; sourceTree = "<group>"; };
		2C70291826983CA9007F9E09 /* HomeView.swift */ = {isa = PBXFileReference; lastKnownFileType = sourcecode.swift; path = HomeView.swift; sourceTree = "<group>"; };
		2C70291A26983CB0007F9E09 /* FeedView.swift */ = {isa = PBXFileReference; lastKnownFileType = sourcecode.swift; path = FeedView.swift; sourceTree = "<group>"; };
		2C70291C26983CBE007F9E09 /* OfficialStoreView.swift */ = {isa = PBXFileReference; lastKnownFileType = sourcecode.swift; path = OfficialStoreView.swift; sourceTree = "<group>"; };
		2C70291E26983CC5007F9E09 /* KeranjangView.swift */ = {isa = PBXFileReference; lastKnownFileType = sourcecode.swift; path = KeranjangView.swift; sourceTree = "<group>"; };
		2C70292026983CCC007F9E09 /* AkunView.swift */ = {isa = PBXFileReference; lastKnownFileType = sourcecode.swift; path = AkunView.swift; sourceTree = "<group>"; };
		2C7029242698522F007F9E09 /* HomeNavBar.swift */ = {isa = PBXFileReference; lastKnownFileType = sourcecode.swift; path = HomeNavBar.swift; sourceTree = "<group>"; };
		2C702926269852E0007F9E09 /* SearchBar.swift */ = {isa = PBXFileReference; lastKnownFileType = sourcecode.swift; path = SearchBar.swift; sourceTree = "<group>"; };
/* End PBXFileReference section */

/* Begin PBXFrameworksBuildPhase section */
		2C7028E826983B86007F9E09 /* Frameworks */ = {
			isa = PBXFrameworksBuildPhase;
			buildActionMask = 2147483647;
			files = (
			);
			runOnlyForDeploymentPostprocessing = 0;
		};
		2C7028F826983B87007F9E09 /* Frameworks */ = {
			isa = PBXFrameworksBuildPhase;
			buildActionMask = 2147483647;
			files = (
			);
			runOnlyForDeploymentPostprocessing = 0;
		};
		2C70290226983B87007F9E09 /* Frameworks */ = {
			isa = PBXFrameworksBuildPhase;
			buildActionMask = 2147483647;
			files = (
			);
			runOnlyForDeploymentPostprocessing = 0;
		};
/* End PBXFrameworksBuildPhase section */

/* Begin PBXGroup section */
		2C3B77ED269C579100C8072B /* Utilities */ = {
			isa = PBXGroup;
			children = (
				2C3B77EE269C57D600C8072B /* ScrollViewMod.swift */,
				2C664B9026A1820D00DE258F /* Modifiable.swift */,
			);
			path = Utilities;
			sourceTree = "<group>";
		};
		2C664B8B26A17B0100DE258F /* AkunView */ = {
			isa = PBXGroup;
			children = (
				2C70292026983CCC007F9E09 /* AkunView.swift */,
				2C664B8C26A17B1600DE258F /* AkunNavBar.swift */,
			);
			path = AkunView;
			sourceTree = "<group>";
		};
		2C7028E226983B86007F9E09 = {
			isa = PBXGroup;
			children = (
				2C7028ED26983B86007F9E09 /* Tokopaedi */,
				2C7028FE26983B87007F9E09 /* TokopaediTests */,
				2C70290826983B87007F9E09 /* TokopaediUITests */,
				2C7028EC26983B86007F9E09 /* Products */,
			);
			sourceTree = "<group>";
		};
		2C7028EC26983B86007F9E09 /* Products */ = {
			isa = PBXGroup;
			children = (
				2C7028EB26983B86007F9E09 /* Tokopaedi.app */,
				2C7028FB26983B87007F9E09 /* TokopaediTests.xctest */,
				2C70290526983B87007F9E09 /* TokopaediUITests.xctest */,
			);
			name = Products;
			sourceTree = "<group>";
		};
		2C7028ED26983B86007F9E09 /* Tokopaedi */ = {
			isa = PBXGroup;
			children = (
				2C661969269EDF1E00E2C343 /* StyleColors.swift */,
				2C702922269851F4007F9E09 /* Views */,
				2C7028EE26983B86007F9E09 /* TokopaediApp.swift */,
				2C7028F226983B87007F9E09 /* Assets.xcassets */,
				2C7028F426983B87007F9E09 /* Preview Content */,
			);
			path = Tokopaedi;
			sourceTree = "<group>";
		};
		2C7028F426983B87007F9E09 /* Preview Content */ = {
			isa = PBXGroup;
			children = (
				2C7028F526983B87007F9E09 /* Preview Assets.xcassets */,
			);
			path = "Preview Content";
			sourceTree = "<group>";
		};
		2C7028FE26983B87007F9E09 /* TokopaediTests */ = {
			isa = PBXGroup;
			children = (
				2C7028FF26983B87007F9E09 /* TokopaediTests.swift */,
			);
			path = TokopaediTests;
			sourceTree = "<group>";
		};
		2C70290826983B87007F9E09 /* TokopaediUITests */ = {
			isa = PBXGroup;
			children = (
				2C70290926983B87007F9E09 /* TokopaediUITests.swift */,
			);
			path = TokopaediUITests;
			sourceTree = "<group>";
		};
		2C702922269851F4007F9E09 /* Views */ = {
			isa = PBXGroup;
			children = (
				2C7028F026983B86007F9E09 /* ContentView.swift */,
				2C70291626983BC0007F9E09 /* CustomTabBar.swift */,
				2C3B77E52698902B00C8072B /* NavBarItems.swift */,
				2C664B8E26A17E7E00DE258F /* SegmentedPicker.swift */,
				2C664B9226A1868100DE258F /* SegmentedControlView.swift */,
				2C70292326985205007F9E09 /* Home */,
				2C70291A26983CB0007F9E09 /* FeedView.swift */,
				2C70291C26983CBE007F9E09 /* OfficialStoreView.swift */,
				2C70291E26983CC5007F9E09 /* KeranjangView.swift */,
				2C664B8B26A17B0100DE258F /* AkunView */,
				2C3B77ED269C579100C8072B /* Utilities */,
			);
			path = Views;
			sourceTree = "<group>";
		};
		2C70292326985205007F9E09 /* Home */ = {
			isa = PBXGroup;
			children = (
				2C70291826983CA9007F9E09 /* HomeView.swift */,
				2C7029242698522F007F9E09 /* HomeNavBar.swift */,
				2C702926269852E0007F9E09 /* SearchBar.swift */,
				2C3B77E726989FAF00C8072B /* CurvedTopBg.swift */,
				2C3B77F0269C994000C8072B /* ShippedToLoc.swift */,
				2C3B77E92698B59600C8072B /* TopCard.swift */,
				2C3B77EB2699E83C00C8072B /* CategoryCollection.swift */,
				2C661967269EA1D600E2C343 /* PromoCarousel.swift */,
				2C66196B269EF7BC00E2C343 /* EventCollection.swift */,
				2C66196D269EFA6000E2C343 /* TodaysSpecial.swift */,
			);
			path = Home;
			sourceTree = "<group>";
		};
/* End PBXGroup section */

/* Begin PBXNativeTarget section */
		2C7028EA26983B86007F9E09 /* Tokopaedi */ = {
			isa = PBXNativeTarget;
			buildConfigurationList = 2C70290D26983B87007F9E09 /* Build configuration list for PBXNativeTarget "Tokopaedi" */;
			buildPhases = (
				2C7028E726983B86007F9E09 /* Sources */,
				2C7028E826983B86007F9E09 /* Frameworks */,
				2C7028E926983B86007F9E09 /* Resources */,
			);
			buildRules = (
			);
			dependencies = (
			);
			name = Tokopaedi;
			productName = Tokopaedi;
			productReference = 2C7028EB26983B86007F9E09 /* Tokopaedi.app */;
			productType = "com.apple.product-type.application";
		};
		2C7028FA26983B87007F9E09 /* TokopaediTests */ = {
			isa = PBXNativeTarget;
			buildConfigurationList = 2C70291026983B87007F9E09 /* Build configuration list for PBXNativeTarget "TokopaediTests" */;
			buildPhases = (
				2C7028F726983B87007F9E09 /* Sources */,
				2C7028F826983B87007F9E09 /* Frameworks */,
				2C7028F926983B87007F9E09 /* Resources */,
			);
			buildRules = (
			);
			dependencies = (
				2C7028FD26983B87007F9E09 /* PBXTargetDependency */,
			);
			name = TokopaediTests;
			productName = TokopaediTests;
			productReference = 2C7028FB26983B87007F9E09 /* TokopaediTests.xctest */;
			productType = "com.apple.product-type.bundle.unit-test";
		};
		2C70290426983B87007F9E09 /* TokopaediUITests */ = {
			isa = PBXNativeTarget;
			buildConfigurationList = 2C70291326983B87007F9E09 /* Build configuration list for PBXNativeTarget "TokopaediUITests" */;
			buildPhases = (
				2C70290126983B87007F9E09 /* Sources */,
				2C70290226983B87007F9E09 /* Frameworks */,
				2C70290326983B87007F9E09 /* Resources */,
			);
			buildRules = (
			);
			dependencies = (
				2C70290726983B87007F9E09 /* PBXTargetDependency */,
			);
			name = TokopaediUITests;
			productName = TokopaediUITests;
			productReference = 2C70290526983B87007F9E09 /* TokopaediUITests.xctest */;
			productType = "com.apple.product-type.bundle.ui-testing";
		};
/* End PBXNativeTarget section */

/* Begin PBXProject section */
		2C7028E326983B86007F9E09 /* Project object */ = {
			isa = PBXProject;
			attributes = {
				BuildIndependentTargetsInParallel = 1;
				LastSwiftUpdateCheck = 1300;
				LastUpgradeCheck = 1300;
				TargetAttributes = {
					2C7028EA26983B86007F9E09 = {
						CreatedOnToolsVersion = 13.0;
					};
					2C7028FA26983B87007F9E09 = {
						CreatedOnToolsVersion = 13.0;
						TestTargetID = 2C7028EA26983B86007F9E09;
					};
					2C70290426983B87007F9E09 = {
						CreatedOnToolsVersion = 13.0;
						TestTargetID = 2C7028EA26983B86007F9E09;
					};
				};
			};
			buildConfigurationList = 2C7028E626983B86007F9E09 /* Build configuration list for PBXProject "Tokopaedi" */;
			compatibilityVersion = "Xcode 13.0";
			developmentRegion = en;
			hasScannedForEncodings = 0;
			knownRegions = (
				en,
				Base,
			);
			mainGroup = 2C7028E226983B86007F9E09;
			productRefGroup = 2C7028EC26983B86007F9E09 /* Products */;
			projectDirPath = "";
			projectRoot = "";
			targets = (
				2C7028EA26983B86007F9E09 /* Tokopaedi */,
				2C7028FA26983B87007F9E09 /* TokopaediTests */,
				2C70290426983B87007F9E09 /* TokopaediUITests */,
			);
		};
/* End PBXProject section */

/* Begin PBXResourcesBuildPhase section */
		2C7028E926983B86007F9E09 /* Resources */ = {
			isa = PBXResourcesBuildPhase;
			buildActionMask = 2147483647;
			files = (
				2C7028F626983B87007F9E09 /* Preview Assets.xcassets in Resources */,
				2C7028F326983B87007F9E09 /* Assets.xcassets in Resources */,
			);
			runOnlyForDeploymentPostprocessing = 0;
		};
		2C7028F926983B87007F9E09 /* Resources */ = {
			isa = PBXResourcesBuildPhase;
			buildActionMask = 2147483647;
			files = (
			);
			runOnlyForDeploymentPostprocessing = 0;
		};
		2C70290326983B87007F9E09 /* Resources */ = {
			isa = PBXResourcesBuildPhase;
			buildActionMask = 2147483647;
			files = (
			);
			runOnlyForDeploymentPostprocessing = 0;
		};
/* End PBXResourcesBuildPhase section */

/* Begin PBXSourcesBuildPhase section */
		2C7028E726983B86007F9E09 /* Sources */ = {
			isa = PBXSourcesBuildPhase;
			buildActionMask = 2147483647;
			files = (
				2C3B77EA2698B59600C8072B /* TopCard.swift in Sources */,
				2C70291F26983CC5007F9E09 /* KeranjangView.swift in Sources */,
				2C3B77E826989FAF00C8072B /* CurvedTopBg.swift in Sources */,
				2C7029252698522F007F9E09 /* HomeNavBar.swift in Sources */,
				2C70291B26983CB0007F9E09 /* FeedView.swift in Sources */,
				2C70291D26983CBE007F9E09 /* OfficialStoreView.swift in Sources */,
				2C661968269EA1D600E2C343 /* PromoCarousel.swift in Sources */,
				2C664B8F26A17E7E00DE258F /* SegmentedPicker.swift in Sources */,
				2C66196A269EDF1E00E2C343 /* StyleColors.swift in Sources */,
				2C3B77E62698902B00C8072B /* NavBarItems.swift in Sources */,
				2C664B9126A1820D00DE258F /* Modifiable.swift in Sources */,
				2C70292126983CCC007F9E09 /* AkunView.swift in Sources */,
				2C3B77EF269C57D700C8072B /* ScrollViewMod.swift in Sources */,
				2C664B9326A1868100DE258F /* SegmentedControlView.swift in Sources */,
				2C7028F126983B86007F9E09 /* ContentView.swift in Sources */,
				2C66196C269EF7BC00E2C343 /* EventCollection.swift in Sources */,
				2C70291926983CA9007F9E09 /* HomeView.swift in Sources */,
				2C3B77F1269C994000C8072B /* ShippedToLoc.swift in Sources */,
				2C702927269852E0007F9E09 /* SearchBar.swift in Sources */,
				2C3B77EC2699E83C00C8072B /* CategoryCollection.swift in Sources */,
				2C70291726983BC0007F9E09 /* CustomTabBar.swift in Sources */,
				2C664B8D26A17B1600DE258F /* AkunNavBar.swift in Sources */,
				2C7028EF26983B86007F9E09 /* TokopaediApp.swift in Sources */,
				2C66196E269EFA6000E2C343 /* TodaysSpecial.swift in Sources */,
			);
			runOnlyForDeploymentPostprocessing = 0;
		};
		2C7028F726983B87007F9E09 /* Sources */ = {
			isa = PBXSourcesBuildPhase;
			buildActionMask = 2147483647;
			files = (
				2C70290026983B87007F9E09 /* TokopaediTests.swift in Sources */,
			);
			runOnlyForDeploymentPostprocessing = 0;
		};
		2C70290126983B87007F9E09 /* Sources */ = {
			isa = PBXSourcesBuildPhase;
			buildActionMask = 2147483647;
			files = (
				2C70290A26983B87007F9E09 /* TokopaediUITests.swift in Sources */,
			);
			runOnlyForDeploymentPostprocessing = 0;
		};
/* End PBXSourcesBuildPhase section */

/* Begin PBXTargetDependency section */
		2C7028FD26983B87007F9E09 /* PBXTargetDependency */ = {
			isa = PBXTargetDependency;
			target = 2C7028EA26983B86007F9E09 /* Tokopaedi */;
			targetProxy = 2C7028FC26983B87007F9E09 /* PBXContainerItemProxy */;
		};
		2C70290726983B87007F9E09 /* PBXTargetDependency */ = {
			isa = PBXTargetDependency;
			target = 2C7028EA26983B86007F9E09 /* Tokopaedi */;
			targetProxy = 2C70290626983B87007F9E09 /* PBXContainerItemProxy */;
		};
/* End PBXTargetDependency section */

/* Begin XCBuildConfiguration section */
		2C70290B26983B87007F9E09 /* Debug */ = {
			isa = XCBuildConfiguration;
			buildSettings = {
				ALWAYS_SEARCH_USER_PATHS = NO;
				CLANG_ANALYZER_NONNULL = YES;
				CLANG_ANALYZER_NUMBER_OBJECT_CONVERSION = YES_AGGRESSIVE;
				CLANG_CXX_LANGUAGE_STANDARD = "gnu++14";
				CLANG_CXX_LIBRARY = "libc++";
				CLANG_ENABLE_MODULES = YES;
				CLANG_ENABLE_OBJC_ARC = YES;
				CLANG_ENABLE_OBJC_WEAK = YES;
				CLANG_WARN_BLOCK_CAPTURE_AUTORELEASING = YES;
				CLANG_WARN_BOOL_CONVERSION = YES;
				CLANG_WARN_COMMA = YES;
				CLANG_WARN_CONSTANT_CONVERSION = YES;
				CLANG_WARN_DEPRECATED_OBJC_IMPLEMENTATIONS = YES;
				CLANG_WARN_DIRECT_OBJC_ISA_USAGE = YES_ERROR;
				CLANG_WARN_DOCUMENTATION_COMMENTS = YES;
				CLANG_WARN_EMPTY_BODY = YES;
				CLANG_WARN_ENUM_CONVERSION = YES;
				CLANG_WARN_INFINITE_RECURSION = YES;
				CLANG_WARN_INT_CONVERSION = YES;
				CLANG_WARN_NON_LITERAL_NULL_CONVERSION = YES;
				CLANG_WARN_OBJC_IMPLICIT_RETAIN_SELF = YES;
				CLANG_WARN_OBJC_LITERAL_CONVERSION = YES;
				CLANG_WARN_OBJC_ROOT_CLASS = YES_ERROR;
				CLANG_WARN_QUOTED_INCLUDE_IN_FRAMEWORK_HEADER = YES;
				CLANG_WARN_RANGE_LOOP_ANALYSIS = YES;
				CLANG_WARN_STRICT_PROTOTYPES = YES;
				CLANG_WARN_SUSPICIOUS_MOVE = YES;
				CLANG_WARN_UNGUARDED_AVAILABILITY = YES_AGGRESSIVE;
				CLANG_WARN_UNREACHABLE_CODE = YES;
				CLANG_WARN__DUPLICATE_METHOD_MATCH = YES;
				COPY_PHASE_STRIP = NO;
				DEBUG_INFORMATION_FORMAT = dwarf;
				ENABLE_STRICT_OBJC_MSGSEND = YES;
				ENABLE_TESTABILITY = YES;
				GCC_C_LANGUAGE_STANDARD = gnu11;
				GCC_DYNAMIC_NO_PIC = NO;
				GCC_NO_COMMON_BLOCKS = YES;
				GCC_OPTIMIZATION_LEVEL = 0;
				GCC_PREPROCESSOR_DEFINITIONS = (
					"DEBUG=1",
					"$(inherited)",
				);
				GCC_WARN_64_TO_32_BIT_CONVERSION = YES;
				GCC_WARN_ABOUT_RETURN_TYPE = YES_ERROR;
				GCC_WARN_UNDECLARED_SELECTOR = YES;
				GCC_WARN_UNINITIALIZED_AUTOS = YES_AGGRESSIVE;
				GCC_WARN_UNUSED_FUNCTION = YES;
				GCC_WARN_UNUSED_VARIABLE = YES;
				IPHONEOS_DEPLOYMENT_TARGET = 15.0;
				MTL_ENABLE_DEBUG_INFO = INCLUDE_SOURCE;
				MTL_FAST_MATH = YES;
				ONLY_ACTIVE_ARCH = YES;
				SDKROOT = iphoneos;
				SWIFT_ACTIVE_COMPILATION_CONDITIONS = DEBUG;
				SWIFT_OPTIMIZATION_LEVEL = "-Onone";
			};
			name = Debug;
		};
		2C70290C26983B87007F9E09 /* Release */ = {
			isa = XCBuildConfiguration;
			buildSettings = {
				ALWAYS_SEARCH_USER_PATHS = NO;
				CLANG_ANALYZER_NONNULL = YES;
				CLANG_ANALYZER_NUMBER_OBJECT_CONVERSION = YES_AGGRESSIVE;
				CLANG_CXX_LANGUAGE_STANDARD = "gnu++14";
				CLANG_CXX_LIBRARY = "libc++";
				CLANG_ENABLE_MODULES = YES;
				CLANG_ENABLE_OBJC_ARC = YES;
				CLANG_ENABLE_OBJC_WEAK = YES;
				CLANG_WARN_BLOCK_CAPTURE_AUTORELEASING = YES;
				CLANG_WARN_BOOL_CONVERSION = YES;
				CLANG_WARN_COMMA = YES;
				CLANG_WARN_CONSTANT_CONVERSION = YES;
				CLANG_WARN_DEPRECATED_OBJC_IMPLEMENTATIONS = YES;
				CLANG_WARN_DIRECT_OBJC_ISA_USAGE = YES_ERROR;
				CLANG_WARN_DOCUMENTATION_COMMENTS = YES;
				CLANG_WARN_EMPTY_BODY = YES;
				CLANG_WARN_ENUM_CONVERSION = YES;
				CLANG_WARN_INFINITE_RECURSION = YES;
				CLANG_WARN_INT_CONVERSION = YES;
				CLANG_WARN_NON_LITERAL_NULL_CONVERSION = YES;
				CLANG_WARN_OBJC_IMPLICIT_RETAIN_SELF = YES;
				CLANG_WARN_OBJC_LITERAL_CONVERSION = YES;
				CLANG_WARN_OBJC_ROOT_CLASS = YES_ERROR;
				CLANG_WARN_QUOTED_INCLUDE_IN_FRAMEWORK_HEADER = YES;
				CLANG_WARN_RANGE_LOOP_ANALYSIS = YES;
				CLANG_WARN_STRICT_PROTOTYPES = YES;
				CLANG_WARN_SUSPICIOUS_MOVE = YES;
				CLANG_WARN_UNGUARDED_AVAILABILITY = YES_AGGRESSIVE;
				CLANG_WARN_UNREACHABLE_CODE = YES;
				CLANG_WARN__DUPLICATE_METHOD_MATCH = YES;
				COPY_PHASE_STRIP = NO;
				DEBUG_INFORMATION_FORMAT = "dwarf-with-dsym";
				ENABLE_NS_ASSERTIONS = NO;
				ENABLE_STRICT_OBJC_MSGSEND = YES;
				GCC_C_LANGUAGE_STANDARD = gnu11;
				GCC_NO_COMMON_BLOCKS = YES;
				GCC_WARN_64_TO_32_BIT_CONVERSION = YES;
				GCC_WARN_ABOUT_RETURN_TYPE = YES_ERROR;
				GCC_WARN_UNDECLARED_SELECTOR = YES;
				GCC_WARN_UNINITIALIZED_AUTOS = YES_AGGRESSIVE;
				GCC_WARN_UNUSED_FUNCTION = YES;
				GCC_WARN_UNUSED_VARIABLE = YES;
				IPHONEOS_DEPLOYMENT_TARGET = 15.0;
				MTL_ENABLE_DEBUG_INFO = NO;
				MTL_FAST_MATH = YES;
				SDKROOT = iphoneos;
				SWIFT_COMPILATION_MODE = wholemodule;
				SWIFT_OPTIMIZATION_LEVEL = "-O";
				VALIDATE_PRODUCT = YES;
			};
			name = Release;
		};
		2C70290E26983B87007F9E09 /* Debug */ = {
			isa = XCBuildConfiguration;
			buildSettings = {
				ASSETCATALOG_COMPILER_APPICON_NAME = AppIcon;
				ASSETCATALOG_COMPILER_GLOBAL_ACCENT_COLOR_NAME = AccentColor;
				CODE_SIGN_STYLE = Automatic;
				CURRENT_PROJECT_VERSION = 1;
				DEVELOPMENT_ASSET_PATHS = "\"Tokopaedi/Preview Content\"";
				DEVELOPMENT_TEAM = QWVAEMBXMM;
				ENABLE_PREVIEWS = YES;
				GENERATE_INFOPLIST_FILE = YES;
				INFOPLIST_KEY_UIApplicationSceneManifest_Generation = YES;
				INFOPLIST_KEY_UIApplicationSupportsIndirectInputEvents = YES;
				INFOPLIST_KEY_UILaunchScreen_Generation = YES;
				INFOPLIST_KEY_UISupportedInterfaceOrientations_iPad = "UIInterfaceOrientationPortrait UIInterfaceOrientationPortraitUpsideDown UIInterfaceOrientationLandscapeLeft UIInterfaceOrientationLandscapeRight";
				INFOPLIST_KEY_UISupportedInterfaceOrientations_iPhone = "UIInterfaceOrientationPortrait UIInterfaceOrientationLandscapeLeft UIInterfaceOrientationLandscapeRight";
				IPHONEOS_DEPLOYMENT_TARGET = 14.0;
				LD_RUNPATH_SEARCH_PATHS = (
					"$(inherited)",
					"@executable_path/Frameworks",
				);
				MARKETING_VERSION = 1.0;
				PRODUCT_BUNDLE_IDENTIFIER = com.rayhanfaluda.Tokopaedi;
				PRODUCT_NAME = "$(TARGET_NAME)";
				SWIFT_EMIT_LOC_STRINGS = YES;
				SWIFT_VERSION = 5.0;
				TARGETED_DEVICE_FAMILY = "1,2";
			};
			name = Debug;
		};
		2C70290F26983B87007F9E09 /* Release */ = {
			isa = XCBuildConfiguration;
			buildSettings = {
				ASSETCATALOG_COMPILER_APPICON_NAME = AppIcon;
				ASSETCATALOG_COMPILER_GLOBAL_ACCENT_COLOR_NAME = AccentColor;
				CODE_SIGN_STYLE = Automatic;
				CURRENT_PROJECT_VERSION = 1;
				DEVELOPMENT_ASSET_PATHS = "\"Tokopaedi/Preview Content\"";
				DEVELOPMENT_TEAM = QWVAEMBXMM;
				ENABLE_PREVIEWS = YES;
				GENERATE_INFOPLIST_FILE = YES;
				INFOPLIST_KEY_UIApplicationSceneManifest_Generation = YES;
				INFOPLIST_KEY_UIApplicationSupportsIndirectInputEvents = YES;
				INFOPLIST_KEY_UILaunchScreen_Generation = YES;
				INFOPLIST_KEY_UISupportedInterfaceOrientations_iPad = "UIInterfaceOrientationPortrait UIInterfaceOrientationPortraitUpsideDown UIInterfaceOrientationLandscapeLeft UIInterfaceOrientationLandscapeRight";
				INFOPLIST_KEY_UISupportedInterfaceOrientations_iPhone = "UIInterfaceOrientationPortrait UIInterfaceOrientationLandscapeLeft UIInterfaceOrientationLandscapeRight";
				IPHONEOS_DEPLOYMENT_TARGET = 14.0;
				LD_RUNPATH_SEARCH_PATHS = (
					"$(inherited)",
					"@executable_path/Frameworks",
				);
				MARKETING_VERSION = 1.0;
				PRODUCT_BUNDLE_IDENTIFIER = com.rayhanfaluda.Tokopaedi;
				PRODUCT_NAME = "$(TARGET_NAME)";
				SWIFT_EMIT_LOC_STRINGS = YES;
				SWIFT_VERSION = 5.0;
				TARGETED_DEVICE_FAMILY = "1,2";
			};
			name = Release;
		};
		2C70291126983B87007F9E09 /* Debug */ = {
			isa = XCBuildConfiguration;
			buildSettings = {
				ALWAYS_EMBED_SWIFT_STANDARD_LIBRARIES = YES;
				BUNDLE_LOADER = "$(TEST_HOST)";
				CODE_SIGN_STYLE = Automatic;
				CURRENT_PROJECT_VERSION = 1;
				DEVELOPMENT_TEAM = QWVAEMBXMM;
				GENERATE_INFOPLIST_FILE = YES;
				IPHONEOS_DEPLOYMENT_TARGET = 14.0;
				LD_RUNPATH_SEARCH_PATHS = (
					"$(inherited)",
					"@executable_path/Frameworks",
					"@loader_path/Frameworks",
				);
				MARKETING_VERSION = 1.0;
				PRODUCT_BUNDLE_IDENTIFIER = com.rayhanfaluda.TokopaediTests;
				PRODUCT_NAME = "$(TARGET_NAME)";
				SWIFT_EMIT_LOC_STRINGS = NO;
				SWIFT_VERSION = 5.0;
				TARGETED_DEVICE_FAMILY = "1,2";
				TEST_HOST = "$(BUILT_PRODUCTS_DIR)/Tokopaedi.app/Tokopaedi";
			};
			name = Debug;
		};
		2C70291226983B87007F9E09 /* Release */ = {
			isa = XCBuildConfiguration;
			buildSettings = {
				ALWAYS_EMBED_SWIFT_STANDARD_LIBRARIES = YES;
				BUNDLE_LOADER = "$(TEST_HOST)";
				CODE_SIGN_STYLE = Automatic;
				CURRENT_PROJECT_VERSION = 1;
				DEVELOPMENT_TEAM = QWVAEMBXMM;
				GENERATE_INFOPLIST_FILE = YES;
				IPHONEOS_DEPLOYMENT_TARGET = 14.0;
				LD_RUNPATH_SEARCH_PATHS = (
					"$(inherited)",
					"@executable_path/Frameworks",
					"@loader_path/Frameworks",
				);
				MARKETING_VERSION = 1.0;
				PRODUCT_BUNDLE_IDENTIFIER = com.rayhanfaluda.TokopaediTests;
				PRODUCT_NAME = "$(TARGET_NAME)";
				SWIFT_EMIT_LOC_STRINGS = NO;
				SWIFT_VERSION = 5.0;
				TARGETED_DEVICE_FAMILY = "1,2";
				TEST_HOST = "$(BUILT_PRODUCTS_DIR)/Tokopaedi.app/Tokopaedi";
			};
			name = Release;
		};
		2C70291426983B87007F9E09 /* Debug */ = {
			isa = XCBuildConfiguration;
			buildSettings = {
				ALWAYS_EMBED_SWIFT_STANDARD_LIBRARIES = YES;
				CODE_SIGN_STYLE = Automatic;
				CURRENT_PROJECT_VERSION = 1;
				DEVELOPMENT_TEAM = QWVAEMBXMM;
				GENERATE_INFOPLIST_FILE = YES;
				LD_RUNPATH_SEARCH_PATHS = (
					"$(inherited)",
					"@executable_path/Frameworks",
					"@loader_path/Frameworks",
				);
				MARKETING_VERSION = 1.0;
				PRODUCT_BUNDLE_IDENTIFIER = com.rayhanfaluda.TokopaediUITests;
				PRODUCT_NAME = "$(TARGET_NAME)";
				SWIFT_EMIT_LOC_STRINGS = NO;
				SWIFT_VERSION = 5.0;
				TARGETED_DEVICE_FAMILY = "1,2";
				TEST_TARGET_NAME = Tokopaedi;
			};
			name = Debug;
		};
		2C70291526983B87007F9E09 /* Release */ = {
			isa = XCBuildConfiguration;
			buildSettings = {
				ALWAYS_EMBED_SWIFT_STANDARD_LIBRARIES = YES;
				CODE_SIGN_STYLE = Automatic;
				CURRENT_PROJECT_VERSION = 1;
				DEVELOPMENT_TEAM = QWVAEMBXMM;
				GENERATE_INFOPLIST_FILE = YES;
				LD_RUNPATH_SEARCH_PATHS = (
					"$(inherited)",
					"@executable_path/Frameworks",
					"@loader_path/Frameworks",
				);
				MARKETING_VERSION = 1.0;
				PRODUCT_BUNDLE_IDENTIFIER = com.rayhanfaluda.TokopaediUITests;
				PRODUCT_NAME = "$(TARGET_NAME)";
				SWIFT_EMIT_LOC_STRINGS = NO;
				SWIFT_VERSION = 5.0;
				TARGETED_DEVICE_FAMILY = "1,2";
				TEST_TARGET_NAME = Tokopaedi;
			};
			name = Release;
		};
/* End XCBuildConfiguration section */

/* Begin XCConfigurationList section */
		2C7028E626983B86007F9E09 /* Build configuration list for PBXProject "Tokopaedi" */ = {
			isa = XCConfigurationList;
			buildConfigurations = (
				2C70290B26983B87007F9E09 /* Debug */,
				2C70290C26983B87007F9E09 /* Release */,
			);
			defaultConfigurationIsVisible = 0;
			defaultConfigurationName = Release;
		};
		2C70290D26983B87007F9E09 /* Build configuration list for PBXNativeTarget "Tokopaedi" */ = {
			isa = XCConfigurationList;
			buildConfigurations = (
				2C70290E26983B87007F9E09 /* Debug */,
				2C70290F26983B87007F9E09 /* Release */,
			);
			defaultConfigurationIsVisible = 0;
			defaultConfigurationName = Release;
		};
		2C70291026983B87007F9E09 /* Build configuration list for PBXNativeTarget "TokopaediTests" */ = {
			isa = XCConfigurationList;
			buildConfigurations = (
				2C70291126983B87007F9E09 /* Debug */,
				2C70291226983B87007F9E09 /* Release */,
			);
			defaultConfigurationIsVisible = 0;
			defaultConfigurationName = Release;
		};
		2C70291326983B87007F9E09 /* Build configuration list for PBXNativeTarget "TokopaediUITests" */ = {
			isa = XCConfigurationList;
			buildConfigurations = (
				2C70291426983B87007F9E09 /* Debug */,
				2C70291526983B87007F9E09 /* Release */,
			);
			defaultConfigurationIsVisible = 0;
			defaultConfigurationName = Release;
		};
/* End XCConfigurationList section */
	};
	rootObject = 2C7028E326983B86007F9E09 /* Project object */;
}
